
Microsoft Visual Studio Solution File, Format Version 12.00
# Visual Studio Version 17
VisualStudioVersion = 17.6.33801.468
MinimumVisualStudioVersion = 10.0.40219.1
Project("{9A19103F-16F7-4668-BE54-9A1E7A4F7556}") = "RevFIT.Context", "RevFIT.Context\RevFIT.Context.csproj", "{39A9A4EA-B896-41D0-ADB6-EAACD274D886}"
EndProject
Project("{9A19103F-16F7-4668-BE54-9A1E7A4F7556}") = "RevFIT.DataAccess", "RevFIT.DataAccess\RevFIT.DataAccess.csproj", "{66CABE0F-F395-465F-86CF-956B049F1F6B}"
EndProject
Project("{9A19103F-16F7-4668-BE54-9A1E7A4F7556}") = "RevFIT.API", "RevFIT.API\RevFIT.API.csproj", "{7C367384-68AC-43D6-838E-ADD452BB7810}"
EndProject
Project("{2150E333-8FDC-42A3-9474-1A3956D46DE8}") = "Solution Items", "Solution Items", "{D01ACF02-2BC2-471C-BC58-5C0CB908884A}"
	ProjectSection(SolutionItems) = preProject
		db.md = db.md
		OpenAPI.json = OpenAPI.json
	EndProjectSection
EndProject
Project("{9A19103F-16F7-4668-BE54-9A1E7A4F7556}") = "RevFIT.Services", "RevFIT.Services\RevFIT.Services.csproj", "{EBAF91D4-7F01-4518-ADE1-78A90B67C5C3}"
EndProject
Project("{2150E333-8FDC-42A3-9474-1A3956D46DE8}") = "ClientUI", "ClientUI", "{F474C630-A6B8-439A-A349-B4C8ECCDEFD5}"
EndProject
Project("{FAE04EC0-301F-11D3-BF4B-00C04F79EFBC}") = "RevFit.Client.UI", "RevFit.UI\RevFit.Client.UI.csproj", "{3643B3F4-754F-4596-96ED-A293AD486DE8}"
EndProject
Global
	GlobalSection(SolutionConfigurationPlatforms) = preSolution
		Debug|Any CPU = Debug|Any CPU
		Release|Any CPU = Release|Any CPU
	EndGlobalSection
	GlobalSection(ProjectConfigurationPlatforms) = postSolution
		{39A9A4EA-B896-41D0-ADB6-EAACD274D886}.Debug|Any CPU.ActiveCfg = Debug|Any CPU
		{39A9A4EA-B896-41D0-ADB6-EAACD274D886}.Debug|Any CPU.Build.0 = Debug|Any CPU
		{39A9A4EA-B896-41D0-ADB6-EAACD274D886}.Release|Any CPU.ActiveCfg = Release|Any CPU
		{39A9A4EA-B896-41D0-ADB6-EAACD274D886}.Release|Any CPU.Build.0 = Release|Any CPU
		{66CABE0F-F395-465F-86CF-956B049F1F6B}.Debug|Any CPU.ActiveCfg = Debug|Any CPU
		{66CABE0F-F395-465F-86CF-956B049F1F6B}.Debug|Any CPU.Build.0 = Debug|Any CPU
		{66CABE0F-F395-465F-86CF-956B049F1F6B}.Release|Any CPU.ActiveCfg = Release|Any CPU
		{66CABE0F-F395-465F-86CF-956B049F1F6B}.Release|Any CPU.Build.0 = Release|Any CPU
		{7C367384-68AC-43D6-838E-ADD452BB7810}.Debug|Any CPU.ActiveCfg = Debug|Any CPU
		{7C367384-68AC-43D6-838E-ADD452BB7810}.Debug|Any CPU.Build.0 = Debug|Any CPU
		{7C367384-68AC-43D6-838E-ADD452BB7810}.Release|Any CPU.ActiveCfg = Release|Any CPU
		{7C367384-68AC-43D6-838E-ADD452BB7810}.Release|Any CPU.Build.0 = Release|Any CPU
		{EBAF91D4-7F01-4518-ADE1-78A90B67C5C3}.Debug|Any CPU.ActiveCfg = Debug|Any CPU
		{EBAF91D4-7F01-4518-ADE1-78A90B67C5C3}.Debug|Any CPU.Build.0 = Debug|Any CPU
		{EBAF91D4-7F01-4518-ADE1-78A90B67C5C3}.Release|Any CPU.ActiveCfg = Release|Any CPU
		{EBAF91D4-7F01-4518-ADE1-78A90B67C5C3}.Release|Any CPU.Build.0 = Release|Any CPU
		{3643B3F4-754F-4596-96ED-A293AD486DE8}.Debug|Any CPU.ActiveCfg = Debug|Any CPU
		{3643B3F4-754F-4596-96ED-A293AD486DE8}.Debug|Any CPU.Build.0 = Debug|Any CPU
		{3643B3F4-754F-4596-96ED-A293AD486DE8}.Release|Any CPU.ActiveCfg = Release|Any CPU
		{3643B3F4-754F-4596-96ED-A293AD486DE8}.Release|Any CPU.Build.0 = Release|Any CPU
	EndGlobalSection
	GlobalSection(SolutionProperties) = preSolution
		HideSolutionNode = FALSE
	EndGlobalSection
	GlobalSection(NestedProjects) = preSolution
		{3643B3F4-754F-4596-96ED-A293AD486DE8} = {F474C630-A6B8-439A-A349-B4C8ECCDEFD5}
	EndGlobalSection
	GlobalSection(ExtensibilityGlobals) = postSolution
		SolutionGuid = {FF455BCD-4E81-44D8-9D09-F85EDB4A762D}
	EndGlobalSection
EndGlobal
